// !$*UTF8*$!
{
	archiveVersion = 1;
	classes = {
	};
	objectVersion = 56;
	objects = {

/* Begin PBXBuildFile section */
		1BE1D37D2CA8AE2900B24584 /* AppDelegate.swift in Sources */ = {isa = PBXBuildFile; fileRef = 1BE1D37C2CA8AE2900B24584 /* AppDelegate.swift */; };
		1BE1D37F2CA8AE2900B24584 /* SceneDelegate.swift in Sources */ = {isa = PBXBuildFile; fileRef = 1BE1D37E2CA8AE2900B24584 /* SceneDelegate.swift */; };
		1BE1D3812CA8AE2900B24584 /* ViewController.swift in Sources */ = {isa = PBXBuildFile; fileRef = 1BE1D3802CA8AE2900B24584 /* ViewController.swift */; };
		1BE1D3842CA8AE2900B24584 /* Base in Resources */ = {isa = PBXBuildFile; fileRef = 1BE1D3832CA8AE2900B24584 /* Base */; };
		1BE1D3862CA8AE2A00B24584 /* Assets.xcassets in Resources */ = {isa = PBXBuildFile; fileRef = 1BE1D3852CA8AE2A00B24584 /* Assets.xcassets */; };
		1BE1D3892CA8AE2A00B24584 /* Base in Resources */ = {isa = PBXBuildFile; fileRef = 1BE1D3882CA8AE2A00B24584 /* Base */; };
		1BE1D3942CA8AE2A00B24584 /* Present_ModallyTests.swift in Sources */ = {isa = PBXBuildFile; fileRef = 1BE1D3932CA8AE2A00B24584 /* Present_ModallyTests.swift */; };
		1BE1D39E2CA8AE2A00B24584 /* Present_ModallyUITests.swift in Sources */ = {isa = PBXBuildFile; fileRef = 1BE1D39D2CA8AE2A00B24584 /* Present_ModallyUITests.swift */; };
		1BE1D3A02CA8AE2A00B24584 /* Present_ModallyUITestsLaunchTests.swift in Sources */ = {isa = PBXBuildFile; fileRef = 1BE1D39F2CA8AE2A00B24584 /* Present_ModallyUITestsLaunchTests.swift */; };
		1BE1D3AD2CA8B1C600B24584 /* ViewController2.swift in Sources */ = {isa = PBXBuildFile; fileRef = 1BE1D3AC2CA8B1C600B24584 /* ViewController2.swift */; };
		1BE1D3AF2CA8B1F400B24584 /* ViewController3.swift in Sources */ = {isa = PBXBuildFile; fileRef = 1BE1D3AE2CA8B1F400B24584 /* ViewController3.swift */; };
/* End PBXBuildFile section */

/* Begin PBXContainerItemProxy section */
		1BE1D3902CA8AE2A00B24584 /* PBXContainerItemProxy */ = {
			isa = PBXContainerItemProxy;
			containerPortal = 1BE1D3712CA8AE2900B24584 /* Project object */;
			proxyType = 1;
			remoteGlobalIDString = 1BE1D3782CA8AE2900B24584;
			remoteInfo = "Present Modally";
		};
		1BE1D39A2CA8AE2A00B24584 /* PBXContainerItemProxy */ = {
			isa = PBXContainerItemProxy;
			containerPortal = 1BE1D3712CA8AE2900B24584 /* Project object */;
			proxyType = 1;
			remoteGlobalIDString = 1BE1D3782CA8AE2900B24584;
			remoteInfo = "Present Modally";
		};
/* End PBXContainerItemProxy section */

/* Begin PBXFileReference section */
		1BE1D3792CA8AE2900B24584 /* Present Modally.app */ = {isa = PBXFileReference; explicitFileType = wrapper.application; includeInIndex = 0; path = "Present Modally.app"; sourceTree = BUILT_PRODUCTS_DIR; };
		1BE1D37C2CA8AE2900B24584 /* AppDelegate.swift */ = {isa = PBXFileReference; lastKnownFileType = sourcecode.swift; path = AppDelegate.swift; sourceTree = "<group>"; };
		1BE1D37E2CA8AE2900B24584 /* SceneDelegate.swift */ = {isa = PBXFileReference; lastKnownFileType = sourcecode.swift; path = SceneDelegate.swift; sourceTree = "<group>"; };
		1BE1D3802CA8AE2900B24584 /* ViewController.swift */ = {isa = PBXFileReference; lastKnownFileType = sourcecode.swift; path = ViewController.swift; sourceTree = "<group>"; };
		1BE1D3832CA8AE2900B24584 /* Base */ = {isa = PBXFileReference; lastKnownFileType = file.storyboard; name = Base; path = Base.lproj/Main.storyboard; sourceTree = "<group>"; };
		1BE1D3852CA8AE2A00B24584 /* Assets.xcassets */ = {isa = PBXFileReference; lastKnownFileType = folder.assetcatalog; path = Assets.xcassets; sourceTree = "<group>"; };
		1BE1D3882CA8AE2A00B24584 /* Base */ = {isa = PBXFileReference; lastKnownFileType = file.storyboard; name = Base; path = Base.lproj/LaunchScreen.storyboard; sourceTree = "<group>"; };
		1BE1D38A2CA8AE2A00B24584 /* Info.plist */ = {isa = PBXFileReference; lastKnownFileType = text.plist.xml; path = Info.plist; sourceTree = "<group>"; };
		1BE1D38F2CA8AE2A00B24584 /* Present ModallyTests.xctest */ = {isa = PBXFileReference; explicitFileType = wrapper.cfbundle; includeInIndex = 0; path = "Present ModallyTests.xctest"; sourceTree = BUILT_PRODUCTS_DIR; };
		1BE1D3932CA8AE2A00B24584 /* Present_ModallyTests.swift */ = {isa = PBXFileReference; lastKnownFileType = sourcecode.swift; path = Present_ModallyTests.swift; sourceTree = "<group>"; };
		1BE1D3992CA8AE2A00B24584 /* Present ModallyUITests.xctest */ = {isa = PBXFileReference; explicitFileType = wrapper.cfbundle; includeInIndex = 0; path = "Present ModallyUITests.xctest"; sourceTree = BUILT_PRODUCTS_DIR; };
		1BE1D39D2CA8AE2A00B24584 /* Present_ModallyUITests.swift */ = {isa = PBXFileReference; lastKnownFileType = sourcecode.swift; path = Present_ModallyUITests.swift; sourceTree = "<group>"; };
		1BE1D39F2CA8AE2A00B24584 /* Present_ModallyUITestsLaunchTests.swift */ = {isa = PBXFileReference; lastKnownFileType = sourcecode.swift; path = Present_ModallyUITestsLaunchTests.swift; sourceTree = "<group>"; };
		1BE1D3AC2CA8B1C600B24584 /* ViewController2.swift */ = {isa = PBXFileReference; lastKnownFileType = sourcecode.swift; path = ViewController2.swift; sourceTree = "<group>"; };
		1BE1D3AE2CA8B1F400B24584 /* ViewController3.swift */ = {isa = PBXFileReference; lastKnownFileType = sourcecode.swift; path = ViewController3.swift; sourceTree = "<group>"; };
/* End PBXFileReference section */

/* Begin PBXFrameworksBuildPhase section */
		1BE1D3762CA8AE2900B24584 /* Frameworks */ = {
			isa = PBXFrameworksBuildPhase;
			buildActionMask = 2147483647;
			files = (
			);
			runOnlyForDeploymentPostprocessing = 0;
		};
		1BE1D38C2CA8AE2A00B24584 /* Frameworks */ = {
			isa = PBXFrameworksBuildPhase;
			buildActionMask = 2147483647;
			files = (
			);
			runOnlyForDeploymentPostprocessing = 0;
		};
		1BE1D3962CA8AE2A00B24584 /* Frameworks */ = {
			isa = PBXFrameworksBuildPhase;
			buildActionMask = 2147483647;
			files = (
			);
			runOnlyForDeploymentPostprocessing = 0;
		};
/* End PBXFrameworksBuildPhase section */

/* Begin PBXGroup section */
		1BE1D3702CA8AE2900B24584 = {
			isa = PBXGroup;
			children = (
				1BE1D37B2CA8AE2900B24584 /* Present Modally */,
				1BE1D3922CA8AE2A00B24584 /* Present ModallyTests */,
				1BE1D39C2CA8AE2A00B24584 /* Present ModallyUITests */,
				1BE1D37A2CA8AE2900B24584 /* Products */,
			);
			sourceTree = "<group>";
		};
		1BE1D37A2CA8AE2900B24584 /* Products */ = {
			isa = PBXGroup;
			children = (
				1BE1D3792CA8AE2900B24584 /* Present Modally.app */,
				1BE1D38F2CA8AE2A00B24584 /* Present ModallyTests.xctest */,
				1BE1D3992CA8AE2A00B24584 /* Present ModallyUITests.xctest */,
			);
			name = Products;
			sourceTree = "<group>";
		};
		1BE1D37B2CA8AE2900B24584 /* Present Modally */ = {
			isa = PBXGroup;
			children = (
				1BE1D37C2CA8AE2900B24584 /* AppDelegate.swift */,
				1BE1D37E2CA8AE2900B24584 /* SceneDelegate.swift */,
				1BE1D3802CA8AE2900B24584 /* ViewController.swift */,
				1BE1D3822CA8AE2900B24584 /* Main.storyboard */,
				1BE1D3852CA8AE2A00B24584 /* Assets.xcassets */,
				1BE1D3872CA8AE2A00B24584 /* LaunchScreen.storyboard */,
				1BE1D38A2CA8AE2A00B24584 /* Info.plist */,
				1BE1D3AC2CA8B1C600B24584 /* ViewController2.swift */,
				1BE1D3AE2CA8B1F400B24584 /* ViewController3.swift */,
			);
			path = "Present Modally";
			sourceTree = "<group>";
		};
		1BE1D3922CA8AE2A00B24584 /* Present ModallyTests */ = {
			isa = PBXGroup;
			children = (
				1BE1D3932CA8AE2A00B24584 /* Present_ModallyTests.swift */,
			);
			path = "Present ModallyTests";
			sourceTree = "<group>";
		};
		1BE1D39C2CA8AE2A00B24584 /* Present ModallyUITests */ = {
			isa = PBXGroup;
			children = (
				1BE1D39D2CA8AE2A00B24584 /* Present_ModallyUITests.swift */,
				1BE1D39F2CA8AE2A00B24584 /* Present_ModallyUITestsLaunchTests.swift */,
			);
			path = "Present ModallyUITests";
			sourceTree = "<group>";
		};
/* End PBXGroup section */

/* Begin PBXNativeTarget section */
		1BE1D3782CA8AE2900B24584 /* Present Modally */ = {
			isa = PBXNativeTarget;
			buildConfigurationList = 1BE1D3A32CA8AE2A00B24584 /* Build configuration list for PBXNativeTarget "Present Modally" */;
			buildPhases = (
				1BE1D3752CA8AE2900B24584 /* Sources */,
				1BE1D3762CA8AE2900B24584 /* Frameworks */,
				1BE1D3772CA8AE2900B24584 /* Resources */,
			);
			buildRules = (
			);
			dependencies = (
			);
			name = "Present Modally";
			productName = "Present Modally";
			productReference = 1BE1D3792CA8AE2900B24584 /* Present Modally.app */;
			productType = "com.apple.product-type.application";
		};
		1BE1D38E2CA8AE2A00B24584 /* Present ModallyTests */ = {
			isa = PBXNativeTarget;
			buildConfigurationList = 1BE1D3A62CA8AE2A00B24584 /* Build configuration list for PBXNativeTarget "Present ModallyTests" */;
			buildPhases = (
				1BE1D38B2CA8AE2A00B24584 /* Sources */,
				1BE1D38C2CA8AE2A00B24584 /* Frameworks */,
				1BE1D38D2CA8AE2A00B24584 /* Resources */,
			);
			buildRules = (
			);
			dependencies = (
				1BE1D3912CA8AE2A00B24584 /* PBXTargetDependency */,
			);
			name = "Present ModallyTests";
			productName = "Present ModallyTests";
			productReference = 1BE1D38F2CA8AE2A00B24584 /* Present ModallyTests.xctest */;
			productType = "com.apple.product-type.bundle.unit-test";
		};
		1BE1D3982CA8AE2A00B24584 /* Present ModallyUITests */ = {
			isa = PBXNativeTarget;
			buildConfigurationList = 1BE1D3A92CA8AE2A00B24584 /* Build configuration list for PBXNativeTarget "Present ModallyUITests" */;
			buildPhases = (
				1BE1D3952CA8AE2A00B24584 /* Sources */,
				1BE1D3962CA8AE2A00B24584 /* Frameworks */,
				1BE1D3972CA8AE2A00B24584 /* Resources */,
			);
			buildRules = (
			);
			dependencies = (
				1BE1D39B2CA8AE2A00B24584 /* PBXTargetDependency */,
			);
			name = "Present ModallyUITests";
			productName = "Present ModallyUITests";
			productReference = 1BE1D3992CA8AE2A00B24584 /* Present ModallyUITests.xctest */;
			productType = "com.apple.product-type.bundle.ui-testing";
		};
/* End PBXNativeTarget section */

/* Begin PBXProject section */
		1BE1D3712CA8AE2900B24584 /* Project object */ = {
			isa = PBXProject;
			attributes = {
				BuildIndependentTargetsInParallel = 1;
				LastSwiftUpdateCheck = 1540;
				LastUpgradeCheck = 1540;
				TargetAttributes = {
					1BE1D3782CA8AE2900B24584 = {
						CreatedOnToolsVersion = 15.4;
					};
					1BE1D38E2CA8AE2A00B24584 = {
						CreatedOnToolsVersion = 15.4;
						TestTargetID = 1BE1D3782CA8AE2900B24584;
					};
					1BE1D3982CA8AE2A00B24584 = {
						CreatedOnToolsVersion = 15.4;
						TestTargetID = 1BE1D3782CA8AE2900B24584;
					};
				};
			};
			buildConfigurationList = 1BE1D3742CA8AE2900B24584 /* Build configuration list for PBXProject "Present Modally" */;
			compatibilityVersion = "Xcode 14.0";
			developmentRegion = en;
			hasScannedForEncodings = 0;
			knownRegions = (
				en,
				Base,
			);
			mainGroup = 1BE1D3702CA8AE2900B24584;
			productRefGroup = 1BE1D37A2CA8AE2900B24584 /* Products */;
			projectDirPath = "";
			projectRoot = "";
			targets = (
				1BE1D3782CA8AE2900B24584 /* Present Modally */,
				1BE1D38E2CA8AE2A00B24584 /* Present ModallyTests */,
				1BE1D3982CA8AE2A00B24584 /* Present ModallyUITests */,
			);
		};
/* End PBXProject section */

/* Begin PBXResourcesBuildPhase section */
		1BE1D3772CA8AE2900B24584 /* Resources */ = {
			isa = PBXResourcesBuildPhase;
			buildActionMask = 2147483647;
			files = (
				1BE1D3862CA8AE2A00B24584 /* Assets.xcassets in Resources */,
				1BE1D3892CA8AE2A00B24584 /* Base in Resources */,
				1BE1D3842CA8AE2900B24584 /* Base in Resources */,
			);
			runOnlyForDeploymentPostprocessing = 0;
		};
		1BE1D38D2CA8AE2A00B24584 /* Resources */ = {
			isa = PBXResourcesBuildPhase;
			buildActionMask = 2147483647;
			files = (
			);
			runOnlyForDeploymentPostprocessing = 0;
		};
		1BE1D3972CA8AE2A00B24584 /* Resources */ = {
			isa = PBXResourcesBuildPhase;
			buildActionMask = 2147483647;
			files = (
			);
			runOnlyForDeploymentPostprocessing = 0;
		};
/* End PBXResourcesBuildPhase section */

/* Begin PBXSourcesBuildPhase section */
		1BE1D3752CA8AE2900B24584 /* Sources */ = {
			isa = PBXSourcesBuildPhase;
			buildActionMask = 2147483647;
			files = (
				1BE1D3AF2CA8B1F400B24584 /* ViewController3.swift in Sources */,
				1BE1D3812CA8AE2900B24584 /* ViewController.swift in Sources */,
				1BE1D3AD2CA8B1C600B24584 /* ViewController2.swift in Sources */,
				1BE1D37D2CA8AE2900B24584 /* AppDelegate.swift in Sources */,
				1BE1D37F2CA8AE2900B24584 /* SceneDelegate.swift in Sources */,
			);
			runOnlyForDeploymentPostprocessing = 0;
		};
		1BE1D38B2CA8AE2A00B24584 /* Sources */ = {
			isa = PBXSourcesBuildPhase;
			buildActionMask = 2147483647;
			files = (
				1BE1D3942CA8AE2A00B24584 /* Present_ModallyTests.swift in Sources */,
			);
			runOnlyForDeploymentPostprocessing = 0;
		};
		1BE1D3952CA8AE2A00B24584 /* Sources */ = {
			isa = PBXSourcesBuildPhase;
			buildActionMask = 2147483647;
			files = (
				1BE1D39E2CA8AE2A00B24584 /* Present_ModallyUITests.swift in Sources */,
				1BE1D3A02CA8AE2A00B24584 /* Present_ModallyUITestsLaunchTests.swift in Sources */,
			);
			runOnlyForDeploymentPostprocessing = 0;
		};
/* End PBXSourcesBuildPhase section */

/* Begin PBXTargetDependency section */
		1BE1D3912CA8AE2A00B24584 /* PBXTargetDependency */ = {
			isa = PBXTargetDependency;
			target = 1BE1D3782CA8AE2900B24584 /* Present Modally */;
			targetProxy = 1BE1D3902CA8AE2A00B24584 /* PBXContainerItemProxy */;
		};
		1BE1D39B2CA8AE2A00B24584 /* PBXTargetDependency */ = {
			isa = PBXTargetDependency;
			target = 1BE1D3782CA8AE2900B24584 /* Present Modally */;
			targetProxy = 1BE1D39A2CA8AE2A00B24584 /* PBXContainerItemProxy */;
		};
/* End PBXTargetDependency section */

/* Begin PBXVariantGroup section */
		1BE1D3822CA8AE2900B24584 /* Main.storyboard */ = {
			isa = PBXVariantGroup;
			children = (
				1BE1D3832CA8AE2900B24584 /* Base */,
			);
			name = Main.storyboard;
			sourceTree = "<group>";
		};
		1BE1D3872CA8AE2A00B24584 /* LaunchScreen.storyboard */ = {
			isa = PBXVariantGroup;
			children = (
				1BE1D3882CA8AE2A00B24584 /* Base */,
			);
			name = LaunchScreen.storyboard;
			sourceTree = "<group>";
		};
/* End PBXVariantGroup section */

/* Begin XCBuildConfiguration section */
		1BE1D3A12CA8AE2A00B24584 /* Debug */ = {
			isa = XCBuildConfiguration;
			buildSettings = {
				ALWAYS_SEARCH_USER_PATHS = NO;
				ASSETCATALOG_COMPILER_GENERATE_SWIFT_ASSET_SYMBOL_EXTENSIONS = YES;
				CLANG_ANALYZER_NONNULL = YES;
				CLANG_ANALYZER_NUMBER_OBJECT_CONVERSION = YES_AGGRESSIVE;
				CLANG_CXX_LANGUAGE_STANDARD = "gnu++20";
				CLANG_ENABLE_MODULES = YES;
				CLANG_ENABLE_OBJC_ARC = YES;
				CLANG_ENABLE_OBJC_WEAK = YES;
				CLANG_WARN_BLOCK_CAPTURE_AUTORELEASING = YES;
				CLANG_WARN_BOOL_CONVERSION = YES;
				CLANG_WARN_COMMA = YES;
				CLANG_WARN_CONSTANT_CONVERSION = YES;
				CLANG_WARN_DEPRECATED_OBJC_IMPLEMENTATIONS = YES;
				CLANG_WARN_DIRECT_OBJC_ISA_USAGE = YES_ERROR;
				CLANG_WARN_DOCUMENTATION_COMMENTS = YES;
				CLANG_WARN_EMPTY_BODY = YES;
				CLANG_WARN_ENUM_CONVERSION = YES;
				CLANG_WARN_INFINITE_RECURSION = YES;
				CLANG_WARN_INT_CONVERSION = YES;
				CLANG_WARN_NON_LITERAL_NULL_CONVERSION = YES;
				CLANG_WARN_OBJC_IMPLICIT_RETAIN_SELF = YES;
				CLANG_WARN_OBJC_LITERAL_CONVERSION = YES;
				CLANG_WARN_OBJC_ROOT_CLASS = YES_ERROR;
				CLANG_WARN_QUOTED_INCLUDE_IN_FRAMEWORK_HEADER = YES;
				CLANG_WARN_RANGE_LOOP_ANALYSIS = YES;
				CLANG_WARN_STRICT_PROTOTYPES = YES;
				CLANG_WARN_SUSPICIOUS_MOVE = YES;
				CLANG_WARN_UNGUARDED_AVAILABILITY = YES_AGGRESSIVE;
				CLANG_WARN_UNREACHABLE_CODE = YES;
				CLANG_WARN__DUPLICATE_METHOD_MATCH = YES;
				COPY_PHASE_STRIP = NO;
				DEBUG_INFORMATION_FORMAT = dwarf;
				ENABLE_STRICT_OBJC_MSGSEND = YES;
				ENABLE_TESTABILITY = YES;
				ENABLE_USER_SCRIPT_SANDBOXING = YES;
				GCC_C_LANGUAGE_STANDARD = gnu17;
				GCC_DYNAMIC_NO_PIC = NO;
				GCC_NO_COMMON_BLOCKS = YES;
				GCC_OPTIMIZATION_LEVEL = 0;
				GCC_PREPROCESSOR_DEFINITIONS = (
					"DEBUG=1",
					"$(inherited)",
				);
				GCC_WARN_64_TO_32_BIT_CONVERSION = YES;
				GCC_WARN_ABOUT_RETURN_TYPE = YES_ERROR;
				GCC_WARN_UNDECLARED_SELECTOR = YES;
				GCC_WARN_UNINITIALIZED_AUTOS = YES_AGGRESSIVE;
				GCC_WARN_UNUSED_FUNCTION = YES;
				GCC_WARN_UNUSED_VARIABLE = YES;
				IPHONEOS_DEPLOYMENT_TARGET = 17.5;
				LOCALIZATION_PREFERS_STRING_CATALOGS = YES;
				MTL_ENABLE_DEBUG_INFO = INCLUDE_SOURCE;
				MTL_FAST_MATH = YES;
				ONLY_ACTIVE_ARCH = YES;
				SDKROOT = iphoneos;
				SWIFT_ACTIVE_COMPILATION_CONDITIONS = "DEBUG $(inherited)";
				SWIFT_OPTIMIZATION_LEVEL = "-Onone";
			};
			name = Debug;
		};
		1BE1D3A22CA8AE2A00B24584 /* Release */ = {
			isa = XCBuildConfiguration;
			buildSettings = {
				ALWAYS_SEARCH_USER_PATHS = NO;
				ASSETCATALOG_COMPILER_GENERATE_SWIFT_ASSET_SYMBOL_EXTENSIONS = YES;
				CLANG_ANALYZER_NONNULL = YES;
				CLANG_ANALYZER_NUMBER_OBJECT_CONVERSION = YES_AGGRESSIVE;
				CLANG_CXX_LANGUAGE_STANDARD = "gnu++20";
				CLANG_ENABLE_MODULES = YES;
				CLANG_ENABLE_OBJC_ARC = YES;
				CLANG_ENABLE_OBJC_WEAK = YES;
				CLANG_WARN_BLOCK_CAPTURE_AUTORELEASING = YES;
				CLANG_WARN_BOOL_CONVERSION = YES;
				CLANG_WARN_COMMA = YES;
				CLANG_WARN_CONSTANT_CONVERSION = YES;
				CLANG_WARN_DEPRECATED_OBJC_IMPLEMENTATIONS = YES;
				CLANG_WARN_DIRECT_OBJC_ISA_USAGE = YES_ERROR;
				CLANG_WARN_DOCUMENTATION_COMMENTS = YES;
				CLANG_WARN_EMPTY_BODY = YES;
				CLANG_WARN_ENUM_CONVERSION = YES;
				CLANG_WARN_INFINITE_RECURSION = YES;
				CLANG_WARN_INT_CONVERSION = YES;
				CLANG_WARN_NON_LITERAL_NULL_CONVERSION = YES;
				CLANG_WARN_OBJC_IMPLICIT_RETAIN_SELF = YES;
				CLANG_WARN_OBJC_LITERAL_CONVERSION = YES;
				CLANG_WARN_OBJC_ROOT_CLASS = YES_ERROR;
				CLANG_WARN_QUOTED_INCLUDE_IN_FRAMEWORK_HEADER = YES;
				CLANG_WARN_RANGE_LOOP_ANALYSIS = YES;
				CLANG_WARN_STRICT_PROTOTYPES = YES;
				CLANG_WARN_SUSPICIOUS_MOVE = YES;
				CLANG_WARN_UNGUARDED_AVAILABILITY = YES_AGGRESSIVE;
				CLANG_WARN_UNREACHABLE_CODE = YES;
				CLANG_WARN__DUPLICATE_METHOD_MATCH = YES;
				COPY_PHASE_STRIP = NO;
				DEBUG_INFORMATION_FORMAT = "dwarf-with-dsym";
				ENABLE_NS_ASSERTIONS = NO;
				ENABLE_STRICT_OBJC_MSGSEND = YES;
				ENABLE_USER_SCRIPT_SANDBOXING = YES;
				GCC_C_LANGUAGE_STANDARD = gnu17;
				GCC_NO_COMMON_BLOCKS = YES;
				GCC_WARN_64_TO_32_BIT_CONVERSION = YES;
				GCC_WARN_ABOUT_RETURN_TYPE = YES_ERROR;
				GCC_WARN_UNDECLARED_SELECTOR = YES;
				GCC_WARN_UNINITIALIZED_AUTOS = YES_AGGRESSIVE;
				GCC_WARN_UNUSED_FUNCTION = YES;
				GCC_WARN_UNUSED_VARIABLE = YES;
				IPHONEOS_DEPLOYMENT_TARGET = 17.5;
				LOCALIZATION_PREFERS_STRING_CATALOGS = YES;
				MTL_ENABLE_DEBUG_INFO = NO;
				MTL_FAST_MATH = YES;
				SDKROOT = iphoneos;
				SWIFT_COMPILATION_MODE = wholemodule;
				VALIDATE_PRODUCT = YES;
			};
			name = Release;
		};
		1BE1D3A42CA8AE2A00B24584 /* Debug */ = {
			isa = XCBuildConfiguration;
			buildSettings = {
				ASSETCATALOG_COMPILER_APPICON_NAME = AppIcon;
				ASSETCATALOG_COMPILER_GLOBAL_ACCENT_COLOR_NAME = AccentColor;
				CODE_SIGN_STYLE = Automatic;
				CURRENT_PROJECT_VERSION = 1;
				GENERATE_INFOPLIST_FILE = YES;
				INFOPLIST_FILE = "Present Modally/Info.plist";
				INFOPLIST_KEY_UIApplicationSupportsIndirectInputEvents = YES;
				INFOPLIST_KEY_UILaunchStoryboardName = LaunchScreen;
				INFOPLIST_KEY_UIMainStoryboardFile = Main;
				INFOPLIST_KEY_UISupportedInterfaceOrientations_iPad = "UIInterfaceOrientationPortrait UIInterfaceOrientationPortraitUpsideDown UIInterfaceOrientationLandscapeLeft UIInterfaceOrientationLandscapeRight";
				INFOPLIST_KEY_UISupportedInterfaceOrientations_iPhone = "UIInterfaceOrientationPortrait UIInterfaceOrientationLandscapeLeft UIInterfaceOrientationLandscapeRight";
				LD_RUNPATH_SEARCH_PATHS = (
					"$(inherited)",
					"@executable_path/Frameworks",
				);
				MARKETING_VERSION = 1.0;
				PRODUCT_BUNDLE_IDENTIFIER = "com.ece.Present-Modally";
				PRODUCT_NAME = "$(TARGET_NAME)";
				SWIFT_EMIT_LOC_STRINGS = YES;
				SWIFT_VERSION = 5.0;
				TARGETED_DEVICE_FAMILY = "1,2";
			};
			name = Debug;
		};
		1BE1D3A52CA8AE2A00B24584 /* Release */ = {
			isa = XCBuildConfiguration;
			buildSettings = {
				ASSETCATALOG_COMPILER_APPICON_NAME = AppIcon;
				ASSETCATALOG_COMPILER_GLOBAL_ACCENT_COLOR_NAME = AccentColor;
				CODE_SIGN_STYLE = Automatic;
				CURRENT_PROJECT_VERSION = 1;
				GENERATE_INFOPLIST_FILE = YES;
				INFOPLIST_FILE = "Present Modally/Info.plist";
				INFOPLIST_KEY_UIApplicationSupportsIndirectInputEvents = YES;
				INFOPLIST_KEY_UILaunchStoryboardName = LaunchScreen;
				INFOPLIST_KEY_UIMainStoryboardFile = Main;
				INFOPLIST_KEY_UISupportedInterfaceOrientations_iPad = "UIInterfaceOrientationPortrait UIInterfaceOrientationPortraitUpsideDown UIInterfaceOrientationLandscapeLeft UIInterfaceOrientationLandscapeRight";
				INFOPLIST_KEY_UISupportedInterfaceOrientations_iPhone = "UIInterfaceOrientationPortrait UIInterfaceOrientationLandscapeLeft UIInterfaceOrientationLandscapeRight";
				LD_RUNPATH_SEARCH_PATHS = (
					"$(inherited)",
					"@executable_path/Frameworks",
				);
				MARKETING_VERSION = 1.0;
				PRODUCT_BUNDLE_IDENTIFIER = "com.ece.Present-Modally";
				PRODUCT_NAME = "$(TARGET_NAME)";
				SWIFT_EMIT_LOC_STRINGS = YES;
				SWIFT_VERSION = 5.0;
				TARGETED_DEVICE_FAMILY = "1,2";
			};
			name = Release;
		};
		1BE1D3A72CA8AE2A00B24584 /* Debug */ = {
			isa = XCBuildConfiguration;
			buildSettings = {
				ALWAYS_EMBED_SWIFT_STANDARD_LIBRARIES = YES;
				BUNDLE_LOADER = "$(TEST_HOST)";
				CODE_SIGN_STYLE = Automatic;
				CURRENT_PROJECT_VERSION = 1;
				GENERATE_INFOPLIST_FILE = YES;
				IPHONEOS_DEPLOYMENT_TARGET = 17.5;
				MARKETING_VERSION = 1.0;
				PRODUCT_BUNDLE_IDENTIFIER = "com.ece.Present-ModallyTests";
				PRODUCT_NAME = "$(TARGET_NAME)";
				SWIFT_EMIT_LOC_STRINGS = NO;
				SWIFT_VERSION = 5.0;
				TARGETED_DEVICE_FAMILY = "1,2";
				TEST_HOST = "$(BUILT_PRODUCTS_DIR)/Present Modally.app/$(BUNDLE_EXECUTABLE_FOLDER_PATH)/Present Modally";
			};
			name = Debug;
		};
		1BE1D3A82CA8AE2A00B24584 /* Release */ = {
			isa = XCBuildConfiguration;
			buildSettings = {
				ALWAYS_EMBED_SWIFT_STANDARD_LIBRARIES = YES;
				BUNDLE_LOADER = "$(TEST_HOST)";
				CODE_SIGN_STYLE = Automatic;
				CURRENT_PROJECT_VERSION = 1;
				GENERATE_INFOPLIST_FILE = YES;
				IPHONEOS_DEPLOYMENT_TARGET = 17.5;
				MARKETING_VERSION = 1.0;
				PRODUCT_BUNDLE_IDENTIFIER = "com.ece.Present-ModallyTests";
				PRODUCT_NAME = "$(TARGET_NAME)";
				SWIFT_EMIT_LOC_STRINGS = NO;
				SWIFT_VERSION = 5.0;
				TARGETED_DEVICE_FAMILY = "1,2";
				TEST_HOST = "$(BUILT_PRODUCTS_DIR)/Present Modally.app/$(BUNDLE_EXECUTABLE_FOLDER_PATH)/Present Modally";
			};
			name = Release;
		};
		1BE1D3AA2CA8AE2A00B24584 /* Debug */ = {
			isa = XCBuildConfiguration;
			buildSettings = {
				ALWAYS_EMBED_SWIFT_STANDARD_LIBRARIES = YES;
				CODE_SIGN_STYLE = Automatic;
				CURRENT_PROJECT_VERSION = 1;
				GENERATE_INFOPLIST_FILE = YES;
				MARKETING_VERSION = 1.0;
				PRODUCT_BUNDLE_IDENTIFIER = "com.ece.Present-ModallyUITests";
				PRODUCT_NAME = "$(TARGET_NAME)";
				SWIFT_EMIT_LOC_STRINGS = NO;
				SWIFT_VERSION = 5.0;
				TARGETED_DEVICE_FAMILY = "1,2";
				TEST_TARGET_NAME = "Present Modally";
			};
			name = Debug;
		};
		1BE1D3AB2CA8AE2A00B24584 /* Release */ = {
			isa = XCBuildConfiguration;
			buildSettings = {
				ALWAYS_EMBED_SWIFT_STANDARD_LIBRARIES = YES;
				CODE_SIGN_STYLE = Automatic;
				CURRENT_PROJECT_VERSION = 1;
				GENERATE_INFOPLIST_FILE = YES;
				MARKETING_VERSION = 1.0;
				PRODUCT_BUNDLE_IDENTIFIER = "com.ece.Present-ModallyUITests";
				PRODUCT_NAME = "$(TARGET_NAME)";
				SWIFT_EMIT_LOC_STRINGS = NO;
				SWIFT_VERSION = 5.0;
				TARGETED_DEVICE_FAMILY = "1,2";
				TEST_TARGET_NAME = "Present Modally";
			};
			name = Release;
		};
/* End XCBuildConfiguration section */

/* Begin XCConfigurationList section */
		1BE1D3742CA8AE2900B24584 /* Build configuration list for PBXProject "Present Modally" */ = {
			isa = XCConfigurationList;
			buildConfigurations = (
				1BE1D3A12CA8AE2A00B24584 /* Debug */,
				1BE1D3A22CA8AE2A00B24584 /* Release */,
			);
			defaultConfigurationIsVisible = 0;
			defaultConfigurationName = Release;
		};
		1BE1D3A32CA8AE2A00B24584 /* Build configuration list for PBXNativeTarget "Present Modally" */ = {
			isa = XCConfigurationList;
			buildConfigurations = (
				1BE1D3A42CA8AE2A00B24584 /* Debug */,
				1BE1D3A52CA8AE2A00B24584 /* Release */,
			);
			defaultConfigurationIsVisible = 0;
			defaultConfigurationName = Release;
		};
		1BE1D3A62CA8AE2A00B24584 /* Build configuration list for PBXNativeTarget "Present ModallyTests" */ = {
			isa = XCConfigurationList;
			buildConfigurations = (
				1BE1D3A72CA8AE2A00B24584 /* Debug */,
				1BE1D3A82CA8AE2A00B24584 /* Release */,
			);
			defaultConfigurationIsVisible = 0;
			defaultConfigurationName = Release;
		};
		1BE1D3A92CA8AE2A00B24584 /* Build configuration list for PBXNativeTarget "Present ModallyUITests" */ = {
			isa = XCConfigurationList;
			buildConfigurations = (
				1BE1D3AA2CA8AE2A00B24584 /* Debug */,
				1BE1D3AB2CA8AE2A00B24584 /* Release */,
			);
			defaultConfigurationIsVisible = 0;
			defaultConfigurationName = Release;
		};
/* End XCConfigurationList section */
	};
	rootObject = 1BE1D3712CA8AE2900B24584 /* Project object */;
}
